PODS:
  - Instabug (5.2.4)
  - Yoshi/Core (3.0.0-beta.1)
  - Yoshi/QAKit (3.0.0-beta.1):
    - Yoshi/Core

DEPENDENCIES:
  - Instabug (= 5.2.4)
  - Yoshi/QAKit (from `../`)

EXTERNAL SOURCES:
  Yoshi:
    :path: "../"

SPEC CHECKSUMS:
  Instabug: 6fa40a5e2a4620f0589dfc8e4e01b1018c8c42b1
  Yoshi: 53a4349a09f1efbc7ee40774251843a5e86e7187

PODFILE CHECKSUM: 3e1269998b54f9d27d611d2231c251556652c10a

COCOAPODS: 1.2.0
