// !$*UTF8*$!
{
	archiveVersion = 1;
	classes = {
	};
	objectVersion = 46;
	objects = {

/* Begin PBXBuildFile section */
		276BCECF1C29F060002138C7 /* AppDelegate.swift in Sources */ = {isa = PBXBuildFile; fileRef = 276BCECE1C29F060002138C7 /* AppDelegate.swift */; };
		276BCED11C29F060002138C7 /* ViewController.swift in Sources */ = {isa = PBXBuildFile; fileRef = 276BCED01C29F060002138C7 /* ViewController.swift */; };
		276BCED41C29F060002138C7 /* Main.storyboard in Resources */ = {isa = PBXBuildFile; fileRef = 276BCED21C29F060002138C7 /* Main.storyboard */; };
		276BCED61C29F060002138C7 /* Assets.xcassets in Resources */ = {isa = PBXBuildFile; fileRef = 276BCED51C29F060002138C7 /* Assets.xcassets */; };
		276BCED91C29F060002138C7 /* LaunchScreen.storyboard in Resources */ = {isa = PBXBuildFile; fileRef = 276BCED71C29F060002138C7 /* LaunchScreen.storyboard */; };
		27A952431C2A0CA800F0CCEB /* MenuItem.swift in Sources */ = {isa = PBXBuildFile; fileRef = 27A952421C2A0CA800F0CCEB /* MenuItem.swift */; };
		6A80770C715FF7079F982454 /* Pods_YoshiExample.framework in Frameworks */ = {isa = PBXBuildFile; fileRef = 38AED69D51CB2462EC94055C /* Pods_YoshiExample.framework */; };
/* End PBXBuildFile section */

/* Begin PBXFileReference section */
		276BCECB1C29F060002138C7 /* YoshiExample.app */ = {isa = PBXFileReference; explicitFileType = wrapper.application; includeInIndex = 0; path = YoshiExample.app; sourceTree = BUILT_PRODUCTS_DIR; };
		276BCECE1C29F060002138C7 /* AppDelegate.swift */ = {isa = PBXFileReference; lastKnownFileType = sourcecode.swift; path = AppDelegate.swift; sourceTree = "<group>"; };
		276BCED01C29F060002138C7 /* ViewController.swift */ = {isa = PBXFileReference; lastKnownFileType = sourcecode.swift; path = ViewController.swift; sourceTree = "<group>"; };
		276BCED31C29F060002138C7 /* Base */ = {isa = PBXFileReference; lastKnownFileType = file.storyboard; name = Base; path = Base.lproj/Main.storyboard; sourceTree = "<group>"; };
		276BCED51C29F060002138C7 /* Assets.xcassets */ = {isa = PBXFileReference; lastKnownFileType = folder.assetcatalog; path = Assets.xcassets; sourceTree = "<group>"; };
		276BCED81C29F060002138C7 /* Base */ = {isa = PBXFileReference; lastKnownFileType = file.storyboard; name = Base; path = Base.lproj/LaunchScreen.storyboard; sourceTree = "<group>"; };
		276BCEDA1C29F060002138C7 /* Info.plist */ = {isa = PBXFileReference; lastKnownFileType = text.plist.xml; path = Info.plist; sourceTree = "<group>"; };
		27A952421C2A0CA800F0CCEB /* MenuItem.swift */ = {isa = PBXFileReference; fileEncoding = 4; lastKnownFileType = sourcecode.swift; path = MenuItem.swift; sourceTree = "<group>"; };
		27C7F7EB1CF51D4D0069687F /* YoshiExample-Bridging-Header.h */ = {isa = PBXFileReference; lastKnownFileType = sourcecode.c.h; path = "YoshiExample-Bridging-Header.h"; sourceTree = "<group>"; };
		38AED69D51CB2462EC94055C /* Pods_YoshiExample.framework */ = {isa = PBXFileReference; explicitFileType = wrapper.framework; includeInIndex = 0; path = Pods_YoshiExample.framework; sourceTree = BUILT_PRODUCTS_DIR; };
		4B69EFE97A45841AA3569F78 /* Pods-YoshiExample.release.xcconfig */ = {isa = PBXFileReference; includeInIndex = 1; lastKnownFileType = text.xcconfig; name = "Pods-YoshiExample.release.xcconfig"; path = "Pods/Target Support Files/Pods-YoshiExample/Pods-YoshiExample.release.xcconfig"; sourceTree = "<group>"; };
		611645F651489CBB0C351E8B /* Pods-YoshiExample.debug.xcconfig */ = {isa = PBXFileReference; includeInIndex = 1; lastKnownFileType = text.xcconfig; name = "Pods-YoshiExample.debug.xcconfig"; path = "Pods/Target Support Files/Pods-YoshiExample/Pods-YoshiExample.debug.xcconfig"; sourceTree = "<group>"; };
		9E459C63EB9049F862020412 /* Pods.framework */ = {isa = PBXFileReference; explicitFileType = wrapper.framework; includeInIndex = 0; path = Pods.framework; sourceTree = BUILT_PRODUCTS_DIR; };
/* End PBXFileReference section */

/* Begin PBXFrameworksBuildPhase section */
		276BCEC81C29F060002138C7 /* Frameworks */ = {
			isa = PBXFrameworksBuildPhase;
			buildActionMask = 2147483647;
			files = (
				6A80770C715FF7079F982454 /* Pods_YoshiExample.framework in Frameworks */,
			);
			runOnlyForDeploymentPostprocessing = 0;
		};
/* End PBXFrameworksBuildPhase section */

/* Begin PBXGroup section */
		276BCEC21C29F060002138C7 = {
			isa = PBXGroup;
			children = (
				276BCECD1C29F060002138C7 /* YoshiExample */,
				276BCECC1C29F060002138C7 /* Products */,
				AE2190EAEAA3F1CB2B7915C9 /* Frameworks */,
				B0BC1B6B07669C478A957533 /* Pods */,
			);
			sourceTree = "<group>";
		};
		276BCECC1C29F060002138C7 /* Products */ = {
			isa = PBXGroup;
			children = (
				276BCECB1C29F060002138C7 /* YoshiExample.app */,
			);
			name = Products;
			sourceTree = "<group>";
		};
		276BCECD1C29F060002138C7 /* YoshiExample */ = {
			isa = PBXGroup;
			children = (
				276BCECE1C29F060002138C7 /* AppDelegate.swift */,
				276BCED01C29F060002138C7 /* ViewController.swift */,
				276BCED21C29F060002138C7 /* Main.storyboard */,
				276BCED51C29F060002138C7 /* Assets.xcassets */,
				276BCED71C29F060002138C7 /* LaunchScreen.storyboard */,
				276BCEDA1C29F060002138C7 /* Info.plist */,
				27A952421C2A0CA800F0CCEB /* MenuItem.swift */,
				27C7F7EB1CF51D4D0069687F /* YoshiExample-Bridging-Header.h */,
			);
			path = YoshiExample;
			sourceTree = "<group>";
		};
		AE2190EAEAA3F1CB2B7915C9 /* Frameworks */ = {
			isa = PBXGroup;
			children = (
				9E459C63EB9049F862020412 /* Pods.framework */,
				38AED69D51CB2462EC94055C /* Pods_YoshiExample.framework */,
			);
			name = Frameworks;
			sourceTree = "<group>";
		};
		B0BC1B6B07669C478A957533 /* Pods */ = {
			isa = PBXGroup;
			children = (
				611645F651489CBB0C351E8B /* Pods-YoshiExample.debug.xcconfig */,
				4B69EFE97A45841AA3569F78 /* Pods-YoshiExample.release.xcconfig */,
			);
			name = Pods;
			sourceTree = "<group>";
		};
/* End PBXGroup section */

/* Begin PBXNativeTarget section */
		276BCECA1C29F060002138C7 /* YoshiExample */ = {
			isa = PBXNativeTarget;
			buildConfigurationList = 276BCEDD1C29F060002138C7 /* Build configuration list for PBXNativeTarget "YoshiExample" */;
			buildPhases = (
				A406AEF3198A3BAC81FB073C /* [CP] Check Pods Manifest.lock */,
				276BCEC71C29F060002138C7 /* Sources */,
				276BCEC81C29F060002138C7 /* Frameworks */,
				276BCEC91C29F060002138C7 /* Resources */,
				27AFFEF61C6574CB00C656BA /* SwiftLint */,
				9807FA47239685B35BD1B1CC /* [CP] Embed Pods Frameworks */,
				2FE9A2C899648AB92ACEAA90 /* [CP] Copy Pods Resources */,
			);
			buildRules = (
			);
			dependencies = (
			);
			name = YoshiExample;
			productName = YoshiExample;
			productReference = 276BCECB1C29F060002138C7 /* YoshiExample.app */;
			productType = "com.apple.product-type.application";
		};
/* End PBXNativeTarget section */

/* Begin PBXProject section */
		276BCEC31C29F060002138C7 /* Project object */ = {
			isa = PBXProject;
			attributes = {
				LastSwiftUpdateCheck = 0730;
				LastUpgradeCheck = 0810;
				ORGANIZATIONNAME = "Prolific Interactive";
				TargetAttributes = {
					276BCECA1C29F060002138C7 = {
						CreatedOnToolsVersion = 7.2;
						LastSwiftMigration = 0800;
						ProvisioningStyle = Automatic;
					};
				};
			};
			buildConfigurationList = 276BCEC61C29F060002138C7 /* Build configuration list for PBXProject "YoshiExample" */;
			compatibilityVersion = "Xcode 3.2";
			developmentRegion = English;
			hasScannedForEncodings = 0;
			knownRegions = (
				en,
				Base,
			);
			mainGroup = 276BCEC21C29F060002138C7;
			productRefGroup = 276BCECC1C29F060002138C7 /* Products */;
			projectDirPath = "";
			projectRoot = "";
			targets = (
				276BCECA1C29F060002138C7 /* YoshiExample */,
			);
		};
/* End PBXProject section */

/* Begin PBXResourcesBuildPhase section */
		276BCEC91C29F060002138C7 /* Resources */ = {
			isa = PBXResourcesBuildPhase;
			buildActionMask = 2147483647;
			files = (
				276BCED91C29F060002138C7 /* LaunchScreen.storyboard in Resources */,
				276BCED61C29F060002138C7 /* Assets.xcassets in Resources */,
				276BCED41C29F060002138C7 /* Main.storyboard in Resources */,
			);
			runOnlyForDeploymentPostprocessing = 0;
		};
/* End PBXResourcesBuildPhase section */

/* Begin PBXShellScriptBuildPhase section */
		27AFFEF61C6574CB00C656BA /* SwiftLint */ = {
			isa = PBXShellScriptBuildPhase;
			buildActionMask = 2147483647;
			files = (
			);
			inputPaths = (
			);
			name = SwiftLint;
			outputPaths = (
			);
			runOnlyForDeploymentPostprocessing = 0;
			shellPath = /bin/sh;
			shellScript = "if which swiftlint >/dev/null; then\nswiftlint\nelse\necho \"warning: SwiftLint not installed, download from https://github.com/realm/SwiftLint\"\nfi";
		};
		2FE9A2C899648AB92ACEAA90 /* [CP] Copy Pods Resources */ = {
			isa = PBXShellScriptBuildPhase;
			buildActionMask = 2147483647;
			files = (
			);
			inputPaths = (
			);
			name = "[CP] Copy Pods Resources";
			outputPaths = (
			);
			runOnlyForDeploymentPostprocessing = 0;
			shellPath = /bin/sh;
			shellScript = "\"${SRCROOT}/Pods/Target Support Files/Pods-YoshiExample/Pods-YoshiExample-resources.sh\"\n";
			showEnvVarsInLog = 0;
		};
		9807FA47239685B35BD1B1CC /* [CP] Embed Pods Frameworks */ = {
			isa = PBXShellScriptBuildPhase;
			buildActionMask = 2147483647;
			files = (
			);
			inputPaths = (
			);
			name = "[CP] Embed Pods Frameworks";
			outputPaths = (
			);
			runOnlyForDeploymentPostprocessing = 0;
			shellPath = /bin/sh;
			shellScript = "\"${SRCROOT}/Pods/Target Support Files/Pods-YoshiExample/Pods-YoshiExample-frameworks.sh\"\n";
			showEnvVarsInLog = 0;
		};
		A406AEF3198A3BAC81FB073C /* [CP] Check Pods Manifest.lock */ = {
			isa = PBXShellScriptBuildPhase;
			buildActionMask = 2147483647;
			files = (
			);
			inputPaths = (
			);
			name = "[CP] Check Pods Manifest.lock";
			outputPaths = (
			);
			runOnlyForDeploymentPostprocessing = 0;
			shellPath = /bin/sh;
			shellScript = "diff \"${PODS_ROOT}/../Podfile.lock\" \"${PODS_ROOT}/Manifest.lock\" > /dev/null\nif [ $? != 0 ] ; then\n    # print error to STDERR\n    echo \"error: The sandbox is not in sync with the Podfile.lock. Run 'pod install' or update your CocoaPods installation.\" >&2\n    exit 1\nfi\n";
			showEnvVarsInLog = 0;
		};
/* End PBXShellScriptBuildPhase section */

/* Begin PBXSourcesBuildPhase section */
		276BCEC71C29F060002138C7 /* Sources */ = {
			isa = PBXSourcesBuildPhase;
			buildActionMask = 2147483647;
			files = (
				27A952431C2A0CA800F0CCEB /* MenuItem.swift in Sources */,
				276BCED11C29F060002138C7 /* ViewController.swift in Sources */,
				276BCECF1C29F060002138C7 /* AppDelegate.swift in Sources */,
			);
			runOnlyForDeploymentPostprocessing = 0;
		};
/* End PBXSourcesBuildPhase section */

/* Begin PBXVariantGroup section */
		276BCED21C29F060002138C7 /* Main.storyboard */ = {
			isa = PBXVariantGroup;
			children = (
				276BCED31C29F060002138C7 /* Base */,
			);
			name = Main.storyboard;
			sourceTree = "<group>";
		};
		276BCED71C29F060002138C7 /* LaunchScreen.storyboard */ = {
			isa = PBXVariantGroup;
			children = (
				276BCED81C29F060002138C7 /* Base */,
			);
			name = LaunchScreen.storyboard;
			sourceTree = "<group>";
		};
/* End PBXVariantGroup section */

/* Begin XCBuildConfiguration section */
		276BCEDB1C29F060002138C7 /* Debug */ = {
			isa = XCBuildConfiguration;
			buildSettings = {
				ALWAYS_SEARCH_USER_PATHS = NO;
				CLANG_CXX_LANGUAGE_STANDARD = "gnu++0x";
				CLANG_CXX_LIBRARY = "libc++";
				CLANG_ENABLE_MODULES = YES;
				CLANG_ENABLE_OBJC_ARC = YES;
				CLANG_WARN_BOOL_CONVERSION = YES;
				CLANG_WARN_CONSTANT_CONVERSION = YES;
				CLANG_WARN_DIRECT_OBJC_ISA_USAGE = YES_ERROR;
				CLANG_WARN_EMPTY_BODY = YES;
				CLANG_WARN_ENUM_CONVERSION = YES;
				CLANG_WARN_INFINITE_RECURSION = YES;
				CLANG_WARN_INT_CONVERSION = YES;
				CLANG_WARN_OBJC_ROOT_CLASS = YES_ERROR;
				CLANG_WARN_SUSPICIOUS_MOVE = YES;
				CLANG_WARN_UNREACHABLE_CODE = YES;
				CLANG_WARN__DUPLICATE_METHOD_MATCH = YES;
				"CODE_SIGN_IDENTITY[sdk=iphoneos*]" = "iPhone Developer";
				COPY_PHASE_STRIP = NO;
				DEBUG_INFORMATION_FORMAT = dwarf;
				ENABLE_STRICT_OBJC_MSGSEND = YES;
				ENABLE_TESTABILITY = YES;
				GCC_C_LANGUAGE_STANDARD = gnu99;
				GCC_DYNAMIC_NO_PIC = NO;
				GCC_NO_COMMON_BLOCKS = YES;
				GCC_OPTIMIZATION_LEVEL = 0;
				GCC_PREPROCESSOR_DEFINITIONS = (
					"DEBUG=1",
					"$(inherited)",
				);
				GCC_WARN_64_TO_32_BIT_CONVERSION = YES;
				GCC_WARN_ABOUT_RETURN_TYPE = YES_ERROR;
				GCC_WARN_UNDECLARED_SELECTOR = YES;
				GCC_WARN_UNINITIALIZED_AUTOS = YES_AGGRESSIVE;
				GCC_WARN_UNUSED_FUNCTION = YES;
				GCC_WARN_UNUSED_VARIABLE = YES;
				IPHONEOS_DEPLOYMENT_TARGET = 9.2;
				MTL_ENABLE_DEBUG_INFO = YES;
				ONLY_ACTIVE_ARCH = YES;
				OTHER_SWIFT_FLAGS = "-D DEBUG";
				SDKROOT = iphoneos;
				SWIFT_OPTIMIZATION_LEVEL = "-Onone";
			};
			name = Debug;
		};
		276BCEDC1C29F060002138C7 /* Release */ = {
			isa = XCBuildConfiguration;
			buildSettings = {
				ALWAYS_SEARCH_USER_PATHS = NO;
				CLANG_CXX_LANGUAGE_STANDARD = "gnu++0x";
				CLANG_CXX_LIBRARY = "libc++";
				CLANG_ENABLE_MODULES = YES;
				CLANG_ENABLE_OBJC_ARC = YES;
				CLANG_WARN_BOOL_CONVERSION = YES;
				CLANG_WARN_CONSTANT_CONVERSION = YES;
				CLANG_WARN_DIRECT_OBJC_ISA_USAGE = YES_ERROR;
				CLANG_WARN_EMPTY_BODY = YES;
				CLANG_WARN_ENUM_CONVERSION = YES;
				CLANG_WARN_INFINITE_RECURSION = YES;
				CLANG_WARN_INT_CONVERSION = YES;
				CLANG_WARN_OBJC_ROOT_CLASS = YES_ERROR;
				CLANG_WARN_SUSPICIOUS_MOVE = YES;
				CLANG_WARN_UNREACHABLE_CODE = YES;
				CLANG_WARN__DUPLICATE_METHOD_MATCH = YES;
				"CODE_SIGN_IDENTITY[sdk=iphoneos*]" = "iPhone Developer";
				COPY_PHASE_STRIP = NO;
				DEBUG_INFORMATION_FORMAT = "dwarf-with-dsym";
				ENABLE_NS_ASSERTIONS = NO;
				ENABLE_STRICT_OBJC_MSGSEND = YES;
				GCC_C_LANGUAGE_STANDARD = gnu99;
				GCC_NO_COMMON_BLOCKS = YES;
				GCC_WARN_64_TO_32_BIT_CONVERSION = YES;
				GCC_WARN_ABOUT_RETURN_TYPE = YES_ERROR;
				GCC_WARN_UNDECLARED_SELECTOR = YES;
				GCC_WARN_UNINITIALIZED_AUTOS = YES_AGGRESSIVE;
				GCC_WARN_UNUSED_FUNCTION = YES;
				GCC_WARN_UNUSED_VARIABLE = YES;
				IPHONEOS_DEPLOYMENT_TARGET = 9.2;
				MTL_ENABLE_DEBUG_INFO = NO;
				SDKROOT = iphoneos;
				SWIFT_OPTIMIZATION_LEVEL = "-Owholemodule";
				VALIDATE_PRODUCT = YES;
			};
			name = Release;
		};
		276BCEDE1C29F060002138C7 /* Debug */ = {
			isa = XCBuildConfiguration;
			baseConfigurationReference = 611645F651489CBB0C351E8B /* Pods-YoshiExample.debug.xcconfig */;
			buildSettings = {
				ALWAYS_EMBED_SWIFT_STANDARD_LIBRARIES = YES;
				ASSETCATALOG_COMPILER_APPICON_NAME = AppIcon;
				CLANG_ENABLE_MODULES = YES;
				"CODE_SIGN_IDENTITY[sdk=iphoneos*]" = "iPhone Developer";
				DEVELOPMENT_TEAM = "";
				INFOPLIST_FILE = YoshiExample/Info.plist;
				IPHONEOS_DEPLOYMENT_TARGET = 8.0;
				LD_RUNPATH_SEARCH_PATHS = "$(inherited) @executable_path/Frameworks";
				PRODUCT_BUNDLE_IDENTIFIER = com.prolificinteractive.YoshiExample;
				PRODUCT_NAME = "$(TARGET_NAME)";
				SWIFT_OBJC_BRIDGING_HEADER = "YoshiExample/YoshiExample-Bridging-Header.h";
				SWIFT_OPTIMIZATION_LEVEL = "-Onone";
				SWIFT_VERSION = 3.0;
				TARGETED_DEVICE_FAMILY = "1,2";
			};
			name = Debug;
		};
		276BCEDF1C29F060002138C7 /* Release */ = {
			isa = XCBuildConfiguration;
			baseConfigurationReference = 4B69EFE97A45841AA3569F78 /* Pods-YoshiExample.release.xcconfig */;
			buildSettings = {
				ALWAYS_EMBED_SWIFT_STANDARD_LIBRARIES = YES;
				ASSETCATALOG_COMPILER_APPICON_NAME = AppIcon;
				CLANG_ENABLE_MODULES = YES;
				CODE_SIGN_IDENTITY = "iPhone Developer";
				"CODE_SIGN_IDENTITY[sdk=iphoneos*]" = "iPhone Developer";
				DEVELOPMENT_TEAM = "";
				INFOPLIST_FILE = YoshiExample/Info.plist;
				IPHONEOS_DEPLOYMENT_TARGET = 8.0;
				LD_RUNPATH_SEARCH_PATHS = "$(inherited) @executable_path/Frameworks";
				PRODUCT_BUNDLE_IDENTIFIER = com.prolificinteractive.YoshiExample;
				PRODUCT_NAME = "$(TARGET_NAME)";
				SWIFT_OBJC_BRIDGING_HEADER = "YoshiExample/YoshiExample-Bridging-Header.h";
				SWIFT_VERSION = 3.0;
				TARGETED_DEVICE_FAMILY = "1,2";
			};
			name = Release;
		};
/* End XCBuildConfiguration section */

/* Begin XCConfigurationList section */
		276BCEC61C29F060002138C7 /* Build configuration list for PBXProject "YoshiExample" */ = {
			isa = XCConfigurationList;
			buildConfigurations = (
				276BCEDB1C29F060002138C7 /* Debug */,
				276BCEDC1C29F060002138C7 /* Release */,
			);
			defaultConfigurationIsVisible = 0;
			defaultConfigurationName = Release;
		};
		276BCEDD1C29F060002138C7 /* Build configuration list for PBXNativeTarget "YoshiExample" */ = {
			isa = XCConfigurationList;
			buildConfigurations = (
				276BCEDE1C29F060002138C7 /* Debug */,
				276BCEDF1C29F060002138C7 /* Release */,
			);
			defaultConfigurationIsVisible = 0;
			defaultConfigurationName = Release;
		};
/* End XCConfigurationList section */
	};
	rootObject = 276BCEC31C29F060002138C7 /* Project object */;
}
